
Microsoft Visual Studio Solution File, Format Version 12.00
# Visual Studio 15
VisualStudioVersion = 15.0.28307.572
MinimumVisualStudioVersion = 10.0.40219.1
Project("{FAE04EC0-301F-11D3-BF4B-00C04F79EFBC}") = "KZ_CA_GrainGrowth", "KZ_CA_GrainGrowth\KZ_CA_GrainGrowth.csproj", "{7EA778D1-8EC5-4458-A558-AA8686958853}"
EndProject
Global
	GlobalSection(SolutionConfigurationPlatforms) = preSolution
		Debug|Any CPU = Debug|Any CPU
		Release|Any CPU = Release|Any CPU
	EndGlobalSection
	GlobalSection(ProjectConfigurationPlatforms) = postSolution
		{7EA778D1-8EC5-4458-A558-AA8686958853}.Debug|Any CPU.ActiveCfg = Debug|Any CPU
		{7EA778D1-8EC5-4458-A558-AA8686958853}.Debug|Any CPU.Build.0 = Debug|Any CPU
		{7EA778D1-8EC5-4458-A558-AA8686958853}.Release|Any CPU.ActiveCfg = Release|Any CPU
		{7EA778D1-8EC5-4458-A558-AA8686958853}.Release|Any CPU.Build.0 = Release|Any CPU
	EndGlobalSection
	GlobalSection(SolutionProperties) = preSolution
		HideSolutionNode = FALSE
	EndGlobalSection
	GlobalSection(ExtensibilityGlobals) = postSolution
		SolutionGuid = {22CFE3D3-165F-43D3-A7FC-1D420C3A7F93}
	EndGlobalSection
EndGlobal
